{
  "name": "flashcards-bot-petras",
  "version": "0.0.1",
  "lockfileVersion": 1,
  "requires": true,
  "dependencies": {
    "async": {
      "version": "2.6.1",
      "resolved": "https://registry.npmjs.org/async/-/async-2.6.1.tgz",
      "integrity": "sha512-fNEiL2+AZt6AlAw/29Cr0UDe4sRAHCpEHh54WMz+Bb7QfNcFw4h3loofyJpLeQs4Yx7yuqu/2dLgM5hKOs6HlQ==",
      "requires": {
        "lodash": "4.17.10"
      }
    },
    "axios": {
      "version": "0.18.0",
      "resolved": "https://registry.npmjs.org/axios/-/axios-0.18.0.tgz",
      "integrity": "sha1-MtU+SFHv3AoRmTts0AB4nXDAUQI=",
      "requires": {
        "follow-redirects": "1.5.0",
        "is-buffer": "1.1.6"
      }
    },
    "botkit-storage-mongo": {
      "version": "1.0.7",
      "resolved": "https://registry.npmjs.org/botkit-storage-mongo/-/botkit-storage-mongo-1.0.7.tgz",
      "integrity": "sha1-uRMgydi31eCsnJ+ovGJOElWrNDY=",
      "requires": {
        "monk": "6.0.6"
      }
    },
    "bson": {
      "version": "1.0.9",
      "resolved": "https://registry.npmjs.org/bson/-/bson-1.0.9.tgz",
      "integrity": "sha512-IQX9/h7WdMBIW/q/++tGd+emQr0XMdeZ6icnT/74Xk9fnabWn+gZgpE+9V+gujL3hhJOoNrnDVY7tWdzc7NUTg=="
    },
    "buffer-shims": {
      "version": "1.0.0",
      "resolved": "https://registry.npmjs.org/buffer-shims/-/buffer-shims-1.0.0.tgz",
      "integrity": "sha1-mXjOMXOIxkmth5MCjDR37wRKi1E="
    },
    "color": {
      "version": "0.8.0",
      "resolved": "https://registry.npmjs.org/color/-/color-0.8.0.tgz",
      "integrity": "sha1-iQwHw/1OZJU3Y4kRz2keVFi2/KU=",
      "requires": {
        "color-convert": "0.5.3",
        "color-string": "0.3.0"
      }
    },
    "color-convert": {
      "version": "0.5.3",
      "resolved": "https://registry.npmjs.org/color-convert/-/color-convert-0.5.3.tgz",
      "integrity": "sha1-vbbGnOZg+t/+CwAHzER+G59ygr0="
    },
    "color-name": {
      "version": "1.1.3",
      "resolved": "https://registry.npmjs.org/color-name/-/color-name-1.1.3.tgz",
      "integrity": "sha1-p9BVi9icQveV3UIyj3QIMcpTvCU="
    },
    "color-string": {
      "version": "0.3.0",
      "resolved": "https://registry.npmjs.org/color-string/-/color-string-0.3.0.tgz",
      "integrity": "sha1-J9RvtnAlxcL6JZk7+/V55HhBuZE=",
      "requires": {
        "color-name": "1.1.3"
      }
    },
    "colornames": {
      "version": "0.0.2",
      "resolved": "https://registry.npmjs.org/colornames/-/colornames-0.0.2.tgz",
      "integrity": "sha1-2BH9bIT1kClJmorEQ2ICk1uSvjE="
    },
    "colors": {
      "version": "1.3.0",
      "resolved": "https://registry.npmjs.org/colors/-/colors-1.3.0.tgz",
      "integrity": "sha512-EDpX3a7wHMWFA7PUHWPHNWqOxIIRSJetuwl0AS5Oi/5FMV8kWm69RTlgm00GKjBO1xFHMtBbL49yRtMMdticBw=="
    },
    "colorspace": {
      "version": "1.0.1",
      "resolved": "https://registry.npmjs.org/colorspace/-/colorspace-1.0.1.tgz",
      "integrity": "sha1-yZx5btMRKLmHalLh7l7gOkpxl0k=",
      "requires": {
        "color": "0.8.0",
        "text-hex": "0.0.0"
      }
    },
    "core-util-is": {
      "version": "1.0.2",
      "resolved": "https://registry.npmjs.org/core-util-is/-/core-util-is-1.0.2.tgz",
      "integrity": "sha1-tf1UIgqivFq1eqtxQMlAdUUDwac="
    },
    "debug": {
      "version": "2.6.9",
      "resolved": "https://registry.npmjs.org/debug/-/debug-2.6.9.tgz",
      "integrity": "sha512-bC7ElrdJaJnPbAP+1EotYvqZsb3ecl5wi6Bfi6BJTUcNowp6cvspg0jXznRTKDjm/E7AdgFBVeAPVMNcKGsHMA==",
      "requires": {
        "ms": "2.0.0"
      }
    },
    "diagnostics": {
      "version": "1.1.0",
      "resolved": "https://registry.npmjs.org/diagnostics/-/diagnostics-1.1.0.tgz",
      "integrity": "sha1-4QkJALSVI+hSe+IPCBJ1IF8q42o=",
      "requires": {
        "colorspace": "1.0.1",
        "enabled": "1.0.2",
        "kuler": "0.0.0"
      }
    },
    "enabled": {
      "version": "1.0.2",
      "resolved": "https://registry.npmjs.org/enabled/-/enabled-1.0.2.tgz",
      "integrity": "sha1-ll9lE9LC0cX0ZStkouM5ZGf8L5M=",
      "requires": {
        "env-variable": "0.0.4"
      }
    },
    "env-variable": {
      "version": "0.0.4",
      "resolved": "https://registry.npmjs.org/env-variable/-/env-variable-0.0.4.tgz",
      "integrity": "sha512-+jpGxSWG4vr6gVxUHOc4p+ilPnql7NzZxOZBxNldsKGjCF+97df3CbuX7XMaDa5oAVkKQj4rKp38rYdC4VcpDg=="
    },
    "es6-promise": {
      "version": "3.2.1",
      "resolved": "https://registry.npmjs.org/es6-promise/-/es6-promise-3.2.1.tgz",
      "integrity": "sha1-7FYjOGgDKQkgcXDDlEjiREndH8Q="
    },
    "fast-safe-stringify": {
      "version": "2.0.4",
      "resolved": "https://registry.npmjs.org/fast-safe-stringify/-/fast-safe-stringify-2.0.4.tgz",
      "integrity": "sha512-mNlGUdKOeGNleyrmgbKYtbnCr9KZkZXU7eM89JRo8vY10f7Ul1Fbj07hUBW3N4fC0xM+fmfFfa2zM7mIizhpNQ=="
    },
    "fecha": {
      "version": "2.3.3",
      "resolved": "https://registry.npmjs.org/fecha/-/fecha-2.3.3.tgz",
      "integrity": "sha512-lUGBnIamTAwk4znq5BcqsDaxSmZ9nDVJaij6NvRt/Tg4R69gERA+otPKbS86ROw9nxVMw2/mp1fnaiWqbs6Sdg=="
    },
    "follow-redirects": {
      "version": "1.5.0",
      "resolved": "https://registry.npmjs.org/follow-redirects/-/follow-redirects-1.5.0.tgz",
      "integrity": "sha512-fdrt472/9qQ6Kgjvb935ig6vJCuofpBUD14f9Vb+SLlm7xIe4Qva5gey8EKtv8lp7ahE1wilg3xL1znpVGtZIA==",
      "requires": {
        "debug": "3.1.0"
      },
      "dependencies": {
        "debug": {
          "version": "3.1.0",
          "resolved": "https://registry.npmjs.org/debug/-/debug-3.1.0.tgz",
          "integrity": "sha512-OX8XqP7/1a9cqkxYw2yXss15f26NKWBpDXQd0/uK/KPqdQhxbPa994hnzjcE2VqQpDslf55723cKPUOGSmMY3g==",
          "requires": {
            "ms": "2.0.0"
          }
        }
      }
    },
    "inherits": {
      "version": "2.0.3",
      "resolved": "https://registry.npmjs.org/inherits/-/inherits-2.0.3.tgz",
      "integrity": "sha1-Yzwsg+PaQqUC9SRmAiSA9CCCYd4="
    },
    "is-buffer": {
      "version": "1.1.6",
      "resolved": "https://registry.npmjs.org/is-buffer/-/is-buffer-1.1.6.tgz",
      "integrity": "sha512-NcdALwpXkTm5Zvvbk7owOUSvVvBKDgKP5/ewfXEznmQFfs4ZRmanOeKBTjRVjka3QFoN6XJ+9F3USqfHqTaU5w=="
    },
    "is-stream": {
      "version": "1.1.0",
      "resolved": "https://registry.npmjs.org/is-stream/-/is-stream-1.1.0.tgz",
      "integrity": "sha1-EtSj3U5o4Lec6428hBc66A2RykQ="
    },
    "isarray": {
      "version": "1.0.0",
      "resolved": "https://registry.npmjs.org/isarray/-/isarray-1.0.0.tgz",
      "integrity": "sha1-u5NdSFgsuhaMBoNJV6VKPgcSTxE="
    },
    "kerberos": {
      "version": "0.0.11",
      "resolved": "https://registry.npmjs.org/kerberos/-/kerberos-0.0.11.tgz",
      "integrity": "sha1-yymJHCHCKsGV8xQLl90SIE/qfcI=",
      "optional": true,
      "requires": {
        "nan": "1.8.4"
      }
    },
    "kuler": {
      "version": "0.0.0",
      "resolved": "https://registry.npmjs.org/kuler/-/kuler-0.0.0.tgz",
      "integrity": "sha1-tmu0a5NOVQ9Z2BiEjgq7pPf1VTw=",
      "requires": {
        "colornames": "0.0.2"
      }
    },
    "lodash": {
      "version": "4.17.10",
      "resolved": "https://registry.npmjs.org/lodash/-/lodash-4.17.10.tgz",
      "integrity": "sha512-UejweD1pDoXu+AD825lWwp4ZGtSwgnpZxb3JDViD7StjQz+Nb/6l093lx4OQ0foGWNRoc19mWy7BzL+UAK2iVg=="
    },
    "logform": {
      "version": "1.9.0",
      "resolved": "https://registry.npmjs.org/logform/-/logform-1.9.0.tgz",
      "integrity": "sha512-H1gneJlqo1dwmXq52p/X57SztuX20aWQArp69u4x7DDmCkMZgMLtBTm2LMoTz0+wu7HdkICiPj6vBbX8WJFRig==",
      "requires": {
        "colors": "1.3.0",
        "fast-safe-stringify": "2.0.4",
        "fecha": "2.3.3",
        "ms": "2.1.1",
        "triple-beam": "1.3.0"
      },
      "dependencies": {
        "ms": {
          "version": "2.1.1",
          "resolved": "https://registry.npmjs.org/ms/-/ms-2.1.1.tgz",
          "integrity": "sha512-tgp+dl5cGk28utYktBsrFqA7HKgrhgPsg6Z/EfhWI4gl1Hwq8B/GmY/0oXZ6nF8hDVesS/FpnYaD/kOWhYQvyg=="
        }
      }
    },
    "mongodb": {
      "version": "1.4.40",
      "resolved": "https://registry.npmjs.org/mongodb/-/mongodb-1.4.40.tgz",
      "integrity": "sha1-z9gLdP3w+gU/LM+19JxHyjKjjvs=",
      "requires": {
        "bson": "0.2.22",
        "kerberos": "0.0.11",
        "readable-stream": "2.3.6"
      },
      "dependencies": {
        "bson": {
          "version": "0.2.22",
          "resolved": "https://registry.npmjs.org/bson/-/bson-0.2.22.tgz",
          "integrity": "sha1-/NoQPybQwHTVpS1Qkn24D9ArSzk=",
          "requires": {
            "nan": "1.8.4"
          }
        },
        "process-nextick-args": {
          "version": "2.0.0",
          "resolved": "https://registry.npmjs.org/process-nextick-args/-/process-nextick-args-2.0.0.tgz",
          "integrity": "sha512-MtEC1TqN0EU5nephaJ4rAtThHtC86dNN9qCuEhtshvpVBkAW5ZO7BASN9REnF9eoXGcRub+pFuKEpOHE+HbEMw==",
          "optional": true
        },
        "readable-stream": {
          "version": "2.3.6",
          "resolved": "https://registry.npmjs.org/readable-stream/-/readable-stream-2.3.6.tgz",
          "integrity": "sha512-tQtKA9WIAhBF3+VLAseyMqZeBjW0AHJoxOtYqSUZNJxauErmLbVm2FW1y+J/YA9dUrAC39ITejlZWhVIwawkKw==",
          "optional": true,
          "requires": {
            "core-util-is": "1.0.2",
            "inherits": "2.0.3",
            "isarray": "1.0.0",
            "process-nextick-args": "2.0.0",
            "safe-buffer": "5.1.1",
            "string_decoder": "1.1.1",
            "util-deprecate": "1.0.2"
          }
        },
        "string_decoder": {
          "version": "1.1.1",
          "resolved": "https://registry.npmjs.org/string_decoder/-/string_decoder-1.1.1.tgz",
          "integrity": "sha512-n/ShnvDi6FHbbVfviro+WojiFzv+s8MPMHBczVePfUpDJLwoLT0ht1l4YwBCbi8pJAveEEdnkHyPyTP/mzRfwg==",
          "optional": true,
          "requires": {
            "safe-buffer": "5.1.1"
          }
        }
      }
    },
    "mongodb-core": {
      "version": "2.1.19",
      "resolved": "https://registry.npmjs.org/mongodb-core/-/mongodb-core-2.1.19.tgz",
      "integrity": "sha512-Jt4AtWUkpuW03kRdYGxga4O65O1UHlFfvvInslEfLlGi+zDMxbBe3J2NVmN9qPJ957Mn6Iz0UpMtV80cmxCVxw==",
      "requires": {
        "bson": "1.0.9",
        "require_optional": "1.0.1"
      }
    },
    "monk": {
      "version": "6.0.6",
      "resolved": "https://registry.npmjs.org/monk/-/monk-6.0.6.tgz",
      "integrity": "sha512-bSuADQGwIxBcRzCzQaMoGmiGl30Dr+0iB1FQAQb3VwWwAKbtpDN2wkVHCjthzw/jXhPHWxTQFUtlSt/nSagojQ==",
      "requires": {
        "debug": "2.6.9",
        "mongodb": "2.2.35",
        "monk-middleware-cast-ids": "0.2.1",
        "monk-middleware-fields": "0.2.0",
        "monk-middleware-handle-callback": "0.2.2",
        "monk-middleware-options": "0.2.1",
        "monk-middleware-query": "0.2.0",
        "monk-middleware-wait-for-connection": "0.2.0",
        "object-assign": "4.1.1"
      },
      "dependencies": {
        "mongodb": {
          "version": "2.2.35",
          "resolved": "https://registry.npmjs.org/mongodb/-/mongodb-2.2.35.tgz",
          "integrity": "sha512-3HGLucDg/8EeYMin3k+nFWChTA85hcYDCw1lPsWR6yV9A6RgKb24BkLiZ9ySZR+S0nfBjWoIUS7cyV6ceGx5Gg==",
          "requires": {
            "es6-promise": "3.2.1",
            "mongodb-core": "2.1.19",
            "readable-stream": "2.2.7"
          }
        },
        "readable-stream": {
          "version": "2.2.7",
          "resolved": "https://registry.npmjs.org/readable-stream/-/readable-stream-2.2.7.tgz",
          "integrity": "sha1-BwV6y+JGeyIELTb5jFrVBwVOlbE=",
          "requires": {
            "buffer-shims": "1.0.0",
            "core-util-is": "1.0.2",
            "inherits": "2.0.3",
            "isarray": "1.0.0",
            "process-nextick-args": "1.0.7",
            "string_decoder": "1.0.3",
            "util-deprecate": "1.0.2"
          }
        },
        "string_decoder": {
          "version": "1.0.3",
          "resolved": "https://registry.npmjs.org/string_decoder/-/string_decoder-1.0.3.tgz",
          "integrity": "sha512-4AH6Z5fzNNBcH+6XDMfA/BTt87skxqJlO0lAh3Dker5zThcAxG6mKz+iGu308UKoPPQ8Dcqx/4JhujzltRa+hQ==",
          "requires": {
            "safe-buffer": "5.1.1"
          }
        }
      }
    },
    "monk-middleware-cast-ids": {
      "version": "0.2.1",
      "resolved": "https://registry.npmjs.org/monk-middleware-cast-ids/-/monk-middleware-cast-ids-0.2.1.tgz",
      "integrity": "sha1-QMQOWmyzPM7cKJIglDJ17ohhxSk="
    },
    "monk-middleware-fields": {
      "version": "0.2.0",
      "resolved": "https://registry.npmjs.org/monk-middleware-fields/-/monk-middleware-fields-0.2.0.tgz",
      "integrity": "sha1-/2N6819ZSIecyyvhWpE2CRG+psE="
    },
    "monk-middleware-handle-callback": {
      "version": "0.2.2",
      "resolved": "https://registry.npmjs.org/monk-middleware-handle-callback/-/monk-middleware-handle-callback-0.2.2.tgz",
      "integrity": "sha512-5hBynb7asZ2uw9XVze7C3XH0zXT51yFDvYydk/5HnWWzh2NLglDSiKDcX0yLKPHzFgiq+5Z4Laq5fFVnFsmm8w=="
    },
    "monk-middleware-options": {
      "version": "0.2.1",
      "resolved": "https://registry.npmjs.org/monk-middleware-options/-/monk-middleware-options-0.2.1.tgz",
      "integrity": "sha1-WNrhxRjUZjbr3/UG+t/Hc7tEKIY="
    },
    "monk-middleware-query": {
      "version": "0.2.0",
      "resolved": "https://registry.npmjs.org/monk-middleware-query/-/monk-middleware-query-0.2.0.tgz",
      "integrity": "sha1-qSbGd9SlYgxiFRsKVtDAwVFnWHQ="
    },
    "monk-middleware-wait-for-connection": {
      "version": "0.2.0",
      "resolved": "https://registry.npmjs.org/monk-middleware-wait-for-connection/-/monk-middleware-wait-for-connection-0.2.0.tgz",
      "integrity": "sha1-MSlY0w5Yi1fQl1TdfJe0hDMWg1o="
    },
    "ms": {
      "version": "2.0.0",
      "resolved": "https://registry.npmjs.org/ms/-/ms-2.0.0.tgz",
      "integrity": "sha1-VgiurfwAvmwpAd9fmGF4jeDVl8g="
    },
    "nan": {
      "version": "1.8.4",
      "resolved": "https://registry.npmjs.org/nan/-/nan-1.8.4.tgz",
      "integrity": "sha1-PHa1OC6rM+RLdY0oE8qdkuk0LzQ="
    },
    "object-assign": {
      "version": "4.1.1",
      "resolved": "https://registry.npmjs.org/object-assign/-/object-assign-4.1.1.tgz",
      "integrity": "sha1-IQmtx5ZYh8/AXLvUQsrIv7s2CGM="
    },
    "one-time": {
      "version": "0.0.4",
      "resolved": "https://registry.npmjs.org/one-time/-/one-time-0.0.4.tgz",
      "integrity": "sha1-+M33eISCb+Tf+T46nMN7HkSAdC4="
    },
    "process-nextick-args": {
      "version": "1.0.7",
      "resolved": "https://registry.npmjs.org/process-nextick-args/-/process-nextick-args-1.0.7.tgz",
      "integrity": "sha1-FQ4gt1ZZCtP5EJPyWk8q2L/zC6M="
    },
    "qs": {
      "version": "6.5.2",
      "resolved": "https://registry.npmjs.org/qs/-/qs-6.5.2.tgz",
      "integrity": "sha512-N5ZAX4/LxJmF+7wN74pUD6qAh9/wnvdQcjq9TZjevvXzSUo7bfmw91saqMjzGS2xq91/odN2dW/WOl7qQHNDGA=="
    },
    "require_optional": {
      "version": "1.0.1",
      "resolved": "https://registry.npmjs.org/require_optional/-/require_optional-1.0.1.tgz",
      "integrity": "sha512-qhM/y57enGWHAe3v/NcwML6a3/vfESLe/sGM2dII+gEO0BpKRUkWZow/tyloNqJyN6kXSl3RyyM8Ll5D/sJP8g==",
      "requires": {
        "resolve-from": "2.0.0",
        "semver": "5.5.0"
      },
      "dependencies": {
        "semver": {
          "version": "5.5.0",
          "resolved": "https://registry.npmjs.org/semver/-/semver-5.5.0.tgz",
          "integrity": "sha512-4SJ3dm0WAwWy/NVeioZh5AntkdJoWKxHxcmyP622fOkgHa4z3R0TdBJICINyaSDE6uNwVc8gZr+ZinwZAH4xIA=="
        }
      }
    },
    "resolve-from": {
      "version": "2.0.0",
      "resolved": "https://registry.npmjs.org/resolve-from/-/resolve-from-2.0.0.tgz",
      "integrity": "sha1-lICrIOlP+h2egKgEx+oUdhGWa1c="
    },
    "safe-buffer": {
      "version": "5.1.1",
      "resolved": "https://registry.npmjs.org/safe-buffer/-/safe-buffer-5.1.1.tgz",
      "integrity": "sha512-kKvNJn6Mm93gAczWVJg7wH+wGYWNrDHdWvpUmHyEsgCtIwwo3bqPtV4tR5tuPaUhTOo/kvhVwd8XwwOllGYkbg=="
    },
    "stack-trace": {
      "version": "0.0.10",
      "resolved": "https://registry.npmjs.org/stack-trace/-/stack-trace-0.0.10.tgz",
      "integrity": "sha1-VHxws0fo0ytOEI6hoqFZ5f3eGcA="
    },
    "text-hex": {
      "version": "0.0.0",
      "resolved": "https://registry.npmjs.org/text-hex/-/text-hex-0.0.0.tgz",
      "integrity": "sha1-V4+8haapJjbkLdF7QdAhjM6esrM="
    },
    "triple-beam": {
      "version": "1.3.0",
      "resolved": "https://registry.npmjs.org/triple-beam/-/triple-beam-1.3.0.tgz",
      "integrity": "sha512-XrHUvV5HpdLmIj4uVMxHggLbFSZYIn7HEWsqePZcI50pco+MPqJ50wMGY794X7AOOhxOBAjbkqfAbEe/QMp2Lw=="
    },
    "util-deprecate": {
      "version": "1.0.2",
      "resolved": "https://registry.npmjs.org/util-deprecate/-/util-deprecate-1.0.2.tgz",
      "integrity": "sha1-RQ1Nyfpw3nMnYvvS1KKJgUGaDM8="
    },
    "winston": {
      "version": "3.0.0",
      "resolved": "https://registry.npmjs.org/winston/-/winston-3.0.0.tgz",
      "integrity": "sha512-7QyfOo1PM5zGL6qma6NIeQQMh71FBg/8fhkSAePqtf5YEi6t+UrPDcUuHhuuUasgso49ccvMEsmqr0GBG2qaMQ==",
      "requires": {
        "async": "2.6.1",
        "diagnostics": "1.1.0",
        "is-stream": "1.1.0",
        "logform": "1.9.0",
        "one-time": "0.0.4",
        "readable-stream": "2.3.6",
        "stack-trace": "0.0.10",
        "triple-beam": "1.3.0",
        "winston-transport": "4.2.0"
      },
      "dependencies": {
        "process-nextick-args": {
          "version": "2.0.0",
          "resolved": "https://registry.npmjs.org/process-nextick-args/-/process-nextick-args-2.0.0.tgz",
          "integrity": "sha512-MtEC1TqN0EU5nephaJ4rAtThHtC86dNN9qCuEhtshvpVBkAW5ZO7BASN9REnF9eoXGcRub+pFuKEpOHE+HbEMw=="
        },
        "readable-stream": {
          "version": "2.3.6",
          "resolved": "https://registry.npmjs.org/readable-stream/-/readable-stream-2.3.6.tgz",
          "integrity": "sha512-tQtKA9WIAhBF3+VLAseyMqZeBjW0AHJoxOtYqSUZNJxauErmLbVm2FW1y+J/YA9dUrAC39ITejlZWhVIwawkKw==",
          "requires": {
            "core-util-is": "1.0.2",
            "inherits": "2.0.3",
            "isarray": "1.0.0",
            "process-nextick-args": "2.0.0",
            "safe-buffer": "5.1.1",
            "string_decoder": "1.1.1",
            "util-deprecate": "1.0.2"
          }
        },
        "string_decoder": {
          "version": "1.1.1",
          "resolved": "https://registry.npmjs.org/string_decoder/-/string_decoder-1.1.1.tgz",
          "integrity": "sha512-n/ShnvDi6FHbbVfviro+WojiFzv+s8MPMHBczVePfUpDJLwoLT0ht1l4YwBCbi8pJAveEEdnkHyPyTP/mzRfwg==",
          "requires": {
            "safe-buffer": "5.1.1"
          }
        }
      }
    },
    "winston-transport": {
      "version": "4.2.0",
      "resolved": "https://registry.npmjs.org/winston-transport/-/winston-transport-4.2.0.tgz",
      "integrity": "sha512-0R1bvFqxSlK/ZKTH86nymOuKv/cT1PQBMuDdA7k7f0S9fM44dNH6bXnuxwXPrN8lefJgtZq08BKdyZ0DZIy/rg==",
      "requires": {
        "readable-stream": "2.3.6",
        "triple-beam": "1.3.0"
      },
      "dependencies": {
        "process-nextick-args": {
          "version": "2.0.0",
          "resolved": "https://registry.npmjs.org/process-nextick-args/-/process-nextick-args-2.0.0.tgz",
          "integrity": "sha512-MtEC1TqN0EU5nephaJ4rAtThHtC86dNN9qCuEhtshvpVBkAW5ZO7BASN9REnF9eoXGcRub+pFuKEpOHE+HbEMw=="
        },
        "readable-stream": {
          "version": "2.3.6",
          "resolved": "https://registry.npmjs.org/readable-stream/-/readable-stream-2.3.6.tgz",
          "integrity": "sha512-tQtKA9WIAhBF3+VLAseyMqZeBjW0AHJoxOtYqSUZNJxauErmLbVm2FW1y+J/YA9dUrAC39ITejlZWhVIwawkKw==",
          "requires": {
            "core-util-is": "1.0.2",
            "inherits": "2.0.3",
            "isarray": "1.0.0",
            "process-nextick-args": "2.0.0",
            "safe-buffer": "5.1.1",
            "string_decoder": "1.1.1",
            "util-deprecate": "1.0.2"
          }
        },
        "string_decoder": {
          "version": "1.1.1",
          "resolved": "https://registry.npmjs.org/string_decoder/-/string_decoder-1.1.1.tgz",
          "integrity": "sha512-n/ShnvDi6FHbbVfviro+WojiFzv+s8MPMHBczVePfUpDJLwoLT0ht1l4YwBCbi8pJAveEEdnkHyPyTP/mzRfwg==",
          "requires": {
            "safe-buffer": "5.1.1"
          }
        }
      }
    }
  }
}
